// !$*UTF8*$!
{
	archiveVersion = 1;
	classes = {
	};
	objectVersion = 46;
	objects = {

/* Begin PBXBuildFile section */
		134FA2A818E8891400661172 /* ServiceFactory.m in Sources */ = {isa = PBXBuildFile; fileRef = 134FA2A718E8891400661172 /* ServiceFactory.m */; };
		134FA2D018E889EE00661172 /* TBinaryProtocol.m in Sources */ = {isa = PBXBuildFile; fileRef = 134FA2AD18E889EE00661172 /* TBinaryProtocol.m */; };
		134FA2D118E889EE00661172 /* TProtocolException.m in Sources */ = {isa = PBXBuildFile; fileRef = 134FA2B018E889EE00661172 /* TProtocolException.m */; };
		134FA2D218E889EE00661172 /* TProtocolUtil.m in Sources */ = {isa = PBXBuildFile; fileRef = 134FA2B318E889EE00661172 /* TProtocolUtil.m */; };
		134FA2D318E889EE00661172 /* TSocketServer.m in Sources */ = {isa = PBXBuildFile; fileRef = 134FA2B618E889EE00661172 /* TSocketServer.m */; };
		134FA2D418E889EE00661172 /* TApplicationException.m in Sources */ = {isa = PBXBuildFile; fileRef = 134FA2B818E889EE00661172 /* TApplicationException.m */; };
		134FA2D518E889EE00661172 /* TException.m in Sources */ = {isa = PBXBuildFile; fileRef = 134FA2BA18E889EE00661172 /* TException.m */; };
		134FA2D618E889EE00661172 /* TFramedTransport.m in Sources */ = {isa = PBXBuildFile; fileRef = 134FA2C018E889EE00661172 /* TFramedTransport.m */; };
		134FA2D718E889EE00661172 /* THTTPClient.m in Sources */ = {isa = PBXBuildFile; fileRef = 134FA2C218E889EE00661172 /* THTTPClient.m */; };
		134FA2D818E889EE00661172 /* TMemoryBuffer.m in Sources */ = {isa = PBXBuildFile; fileRef = 134FA2C418E889EE00661172 /* TMemoryBuffer.m */; };
		134FA2D918E889EE00661172 /* TNSFileHandleTransport.m in Sources */ = {isa = PBXBuildFile; fileRef = 134FA2C618E889EE00661172 /* TNSFileHandleTransport.m */; };
		134FA2DA18E889EE00661172 /* TNSStreamTransport.m in Sources */ = {isa = PBXBuildFile; fileRef = 134FA2C818E889EE00661172 /* TNSStreamTransport.m */; };
		134FA2DB18E889EE00661172 /* TSocketClient.m in Sources */ = {isa = PBXBuildFile; fileRef = 134FA2CA18E889EE00661172 /* TSocketClient.m */; };
		134FA2DC18E889EE00661172 /* TTransportException.m in Sources */ = {isa = PBXBuildFile; fileRef = 134FA2CD18E889EE00661172 /* TTransportException.m */; };
		134FA2DD18E889EE00661172 /* TSharedProcessorFactory.m in Sources */ = {isa = PBXBuildFile; fileRef = 134FA2CF18E889EE00661172 /* TSharedProcessorFactory.m */; };
		134FA2E018E88A2F00661172 /* test.m in Sources */ = {isa = PBXBuildFile; fileRef = 134FA2DF18E88A2F00661172 /* test.m */; };
		1394A84E18E887F200D69F9F /* Foundation.framework in Frameworks */ = {isa = PBXBuildFile; fileRef = 1394A84D18E887F200D69F9F /* Foundation.framework */; };
		1394A85018E887F200D69F9F /* CoreGraphics.framework in Frameworks */ = {isa = PBXBuildFile; fileRef = 1394A84F18E887F200D69F9F /* CoreGraphics.framework */; };
		1394A85218E887F200D69F9F /* UIKit.framework in Frameworks */ = {isa = PBXBuildFile; fileRef = 1394A85118E887F200D69F9F /* UIKit.framework */; };
		1394A85818E887F200D69F9F /* InfoPlist.strings in Resources */ = {isa = PBXBuildFile; fileRef = 1394A85618E887F200D69F9F /* InfoPlist.strings */; };
		1394A85A18E887F200D69F9F /* main.m in Sources */ = {isa = PBXBuildFile; fileRef = 1394A85918E887F200D69F9F /* main.m */; };
		1394A85E18E887F200D69F9F /* AppDelegate.m in Sources */ = {isa = PBXBuildFile; fileRef = 1394A85D18E887F200D69F9F /* AppDelegate.m */; };
		1394A86118E887F200D69F9F /* Main_iPhone.storyboard in Resources */ = {isa = PBXBuildFile; fileRef = 1394A85F18E887F200D69F9F /* Main_iPhone.storyboard */; };
		1394A86418E887F200D69F9F /* Main_iPad.storyboard in Resources */ = {isa = PBXBuildFile; fileRef = 1394A86218E887F200D69F9F /* Main_iPad.storyboard */; };
		1394A86718E887F200D69F9F /* MainViewController.m in Sources */ = {isa = PBXBuildFile; fileRef = 1394A86618E887F200D69F9F /* MainViewController.m */; };
		1394A86A18E887F200D69F9F /* FlipsideViewController.m in Sources */ = {isa = PBXBuildFile; fileRef = 1394A86918E887F200D69F9F /* FlipsideViewController.m */; };
		1394A86C18E887F200D69F9F /* Images.xcassets in Resources */ = {isa = PBXBuildFile; fileRef = 1394A86B18E887F200D69F9F /* Images.xcassets */; };
		1394A87318E887F200D69F9F /* XCTest.framework in Frameworks */ = {isa = PBXBuildFile; fileRef = 1394A87218E887F200D69F9F /* XCTest.framework */; };
		1394A87418E887F200D69F9F /* Foundation.framework in Frameworks */ = {isa = PBXBuildFile; fileRef = 1394A84D18E887F200D69F9F /* Foundation.framework */; };
		1394A87518E887F200D69F9F /* UIKit.framework in Frameworks */ = {isa = PBXBuildFile; fileRef = 1394A85118E887F200D69F9F /* UIKit.framework */; };
		1394A87D18E887F200D69F9F /* InfoPlist.strings in Resources */ = {isa = PBXBuildFile; fileRef = 1394A87B18E887F200D69F9F /* InfoPlist.strings */; };
		1394A87F18E887F200D69F9F /* ThriftTestTests.m in Sources */ = {isa = PBXBuildFile; fileRef = 1394A87E18E887F200D69F9F /* ThriftTestTests.m */; };
		1CE82ED39AC44537A81D21E6 /* libPods.a in Frameworks */ = {isa = PBXBuildFile; fileRef = B2C6E631FA104B958CA25CF3 /* libPods.a */; };
/* End PBXBuildFile section */

/* Begin PBXContainerItemProxy section */
		1394A87618E887F200D69F9F /* PBXContainerItemProxy */ = {
			isa = PBXContainerItemProxy;
			containerPortal = 1394A84218E887F200D69F9F /* Project object */;
			proxyType = 1;
			remoteGlobalIDString = 1394A84918E887F200D69F9F;
			remoteInfo = ThriftTest;
		};
/* End PBXContainerItemProxy section */

/* Begin PBXFileReference section */
		134FA2A618E8891400661172 /* ServiceFactory.h */ = {isa = PBXFileReference; fileEncoding = 4; lastKnownFileType = sourcecode.c.h; path = ServiceFactory.h; sourceTree = "<group>"; };
		134FA2A718E8891400661172 /* ServiceFactory.m */ = {isa = PBXFileReference; fileEncoding = 4; lastKnownFileType = sourcecode.c.objc; path = ServiceFactory.m; sourceTree = "<group>"; };
		134FA2AB18E889EE00661172 /* TBase.h */ = {isa = PBXFileReference; fileEncoding = 4; lastKnownFileType = sourcecode.c.h; path = TBase.h; sourceTree = "<group>"; };
		134FA2AC18E889EE00661172 /* TBinaryProtocol.h */ = {isa = PBXFileReference; fileEncoding = 4; lastKnownFileType = sourcecode.c.h; path = TBinaryProtocol.h; sourceTree = "<group>"; };
		134FA2AD18E889EE00661172 /* TBinaryProtocol.m */ = {isa = PBXFileReference; fileEncoding = 4; lastKnownFileType = sourcecode.c.objc; path = TBinaryProtocol.m; sourceTree = "<group>"; };
		134FA2AE18E889EE00661172 /* TProtocol.h */ = {isa = PBXFileReference; fileEncoding = 4; lastKnownFileType = sourcecode.c.h; path = TProtocol.h; sourceTree = "<group>"; };
		134FA2AF18E889EE00661172 /* TProtocolException.h */ = {isa = PBXFileReference; fileEncoding = 4; lastKnownFileType = sourcecode.c.h; path = TProtocolException.h; sourceTree = "<group>"; };
		134FA2B018E889EE00661172 /* TProtocolException.m */ = {isa = PBXFileReference; fileEncoding = 4; lastKnownFileType = sourcecode.c.objc; path = TProtocolException.m; sourceTree = "<group>"; };
		134FA2B118E889EE00661172 /* TProtocolFactory.h */ = {isa = PBXFileReference; fileEncoding = 4; lastKnownFileType = sourcecode.c.h; path = TProtocolFactory.h; sourceTree = "<group>"; };
		134FA2B218E889EE00661172 /* TProtocolUtil.h */ = {isa = PBXFileReference; fileEncoding = 4; lastKnownFileType = sourcecode.c.h; path = TProtocolUtil.h; sourceTree = "<group>"; };
		134FA2B318E889EE00661172 /* TProtocolUtil.m */ = {isa = PBXFileReference; fileEncoding = 4; lastKnownFileType = sourcecode.c.objc; path = TProtocolUtil.m; sourceTree = "<group>"; };
		134FA2B518E889EE00661172 /* TSocketServer.h */ = {isa = PBXFileReference; fileEncoding = 4; lastKnownFileType = sourcecode.c.h; path = TSocketServer.h; sourceTree = "<group>"; };
		134FA2B618E889EE00661172 /* TSocketServer.m */ = {isa = PBXFileReference; fileEncoding = 4; lastKnownFileType = sourcecode.c.objc; path = TSocketServer.m; sourceTree = "<group>"; };
		134FA2B718E889EE00661172 /* TApplicationException.h */ = {isa = PBXFileReference; fileEncoding = 4; lastKnownFileType = sourcecode.c.h; path = TApplicationException.h; sourceTree = "<group>"; };
		134FA2B818E889EE00661172 /* TApplicationException.m */ = {isa = PBXFileReference; fileEncoding = 4; lastKnownFileType = sourcecode.c.objc; path = TApplicationException.m; sourceTree = "<group>"; };
		134FA2B918E889EE00661172 /* TException.h */ = {isa = PBXFileReference; fileEncoding = 4; lastKnownFileType = sourcecode.c.h; path = TException.h; sourceTree = "<group>"; };
		134FA2BA18E889EE00661172 /* TException.m */ = {isa = PBXFileReference; fileEncoding = 4; lastKnownFileType = sourcecode.c.objc; path = TException.m; sourceTree = "<group>"; };
		134FA2BB18E889EE00661172 /* TObjective-C.h */ = {isa = PBXFileReference; fileEncoding = 4; lastKnownFileType = sourcecode.c.h; path = "TObjective-C.h"; sourceTree = "<group>"; };
		134FA2BC18E889EE00661172 /* TProcessor.h */ = {isa = PBXFileReference; fileEncoding = 4; lastKnownFileType = sourcecode.c.h; path = TProcessor.h; sourceTree = "<group>"; };
		134FA2BD18E889EE00661172 /* TProcessorFactory.h */ = {isa = PBXFileReference; fileEncoding = 4; lastKnownFileType = sourcecode.c.h; path = TProcessorFactory.h; sourceTree = "<group>"; };
		134FA2BF18E889EE00661172 /* TFramedTransport.h */ = {isa = PBXFileReference; fileEncoding = 4; lastKnownFileType = sourcecode.c.h; path = TFramedTransport.h; sourceTree = "<group>"; };
		134FA2C018E889EE00661172 /* TFramedTransport.m */ = {isa = PBXFileReference; fileEncoding = 4; lastKnownFileType = sourcecode.c.objc; path = TFramedTransport.m; sourceTree = "<group>"; };
		134FA2C118E889EE00661172 /* THTTPClient.h */ = {isa = PBXFileReference; fileEncoding = 4; lastKnownFileType = sourcecode.c.h; path = THTTPClient.h; sourceTree = "<group>"; };
		134FA2C218E889EE00661172 /* THTTPClient.m */ = {isa = PBXFileReference; fileEncoding = 4; lastKnownFileType = sourcecode.c.objc; path = THTTPClient.m; sourceTree = "<group>"; };
		134FA2C318E889EE00661172 /* TMemoryBuffer.h */ = {isa = PBXFileReference; fileEncoding = 4; lastKnownFileType = sourcecode.c.h; path = TMemoryBuffer.h; sourceTree = "<group>"; };
		134FA2C418E889EE00661172 /* TMemoryBuffer.m */ = {isa = PBXFileReference; fileEncoding = 4; lastKnownFileType = sourcecode.c.objc; path = TMemoryBuffer.m; sourceTree = "<group>"; };
		134FA2C518E889EE00661172 /* TNSFileHandleTransport.h */ = {isa = PBXFileReference; fileEncoding = 4; lastKnownFileType = sourcecode.c.h; path = TNSFileHandleTransport.h; sourceTree = "<group>"; };
		134FA2C618E889EE00661172 /* TNSFileHandleTransport.m */ = {isa = PBXFileReference; fileEncoding = 4; lastKnownFileType = sourcecode.c.objc; path = TNSFileHandleTransport.m; sourceTree = "<group>"; };
		134FA2C718E889EE00661172 /* TNSStreamTransport.h */ = {isa = PBXFileReference; fileEncoding = 4; lastKnownFileType = sourcecode.c.h; path = TNSStreamTransport.h; sourceTree = "<group>"; };
		134FA2C818E889EE00661172 /* TNSStreamTransport.m */ = {isa = PBXFileReference; fileEncoding = 4; lastKnownFileType = sourcecode.c.objc; path = TNSStreamTransport.m; sourceTree = "<group>"; };
		134FA2C918E889EE00661172 /* TSocketClient.h */ = {isa = PBXFileReference; fileEncoding = 4; lastKnownFileType = sourcecode.c.h; path = TSocketClient.h; sourceTree = "<group>"; };
		134FA2CA18E889EE00661172 /* TSocketClient.m */ = {isa = PBXFileReference; fileEncoding = 4; lastKnownFileType = sourcecode.c.objc; path = TSocketClient.m; sourceTree = "<group>"; };
		134FA2CB18E889EE00661172 /* TTransport.h */ = {isa = PBXFileReference; fileEncoding = 4; lastKnownFileType = sourcecode.c.h; path = TTransport.h; sourceTree = "<group>"; };
		134FA2CC18E889EE00661172 /* TTransportException.h */ = {isa = PBXFileReference; fileEncoding = 4; lastKnownFileType = sourcecode.c.h; path = TTransportException.h; sourceTree = "<group>"; };
		134FA2CD18E889EE00661172 /* TTransportException.m */ = {isa = PBXFileReference; fileEncoding = 4; lastKnownFileType = sourcecode.c.objc; path = TTransportException.m; sourceTree = "<group>"; };
		134FA2CE18E889EE00661172 /* TSharedProcessorFactory.h */ = {isa = PBXFileReference; fileEncoding = 4; lastKnownFileType = sourcecode.c.h; path = TSharedProcessorFactory.h; sourceTree = "<group>"; };
		134FA2CF18E889EE00661172 /* TSharedProcessorFactory.m */ = {isa = PBXFileReference; fileEncoding = 4; lastKnownFileType = sourcecode.c.objc; path = TSharedProcessorFactory.m; sourceTree = "<group>"; };
		134FA2DE18E88A2F00661172 /* test.h */ = {isa = PBXFileReference; fileEncoding = 4; lastKnownFileType = sourcecode.c.h; path = test.h; sourceTree = "<group>"; };
		134FA2DF18E88A2F00661172 /* test.m */ = {isa = PBXFileReference; fileEncoding = 4; lastKnownFileType = sourcecode.c.objc; path = test.m; sourceTree = "<group>"; };
		1394A84A18E887F200D69F9F /* ThriftTest.app */ = {isa = PBXFileReference; explicitFileType = wrapper.application; includeInIndex = 0; path = ThriftTest.app; sourceTree = BUILT_PRODUCTS_DIR; };
		1394A84D18E887F200D69F9F /* Foundation.framework */ = {isa = PBXFileReference; lastKnownFileType = wrapper.framework; name = Foundation.framework; path = System/Library/Frameworks/Foundation.framework; sourceTree = SDKROOT; };
		1394A84F18E887F200D69F9F /* CoreGraphics.framework */ = {isa = PBXFileReference; lastKnownFileType = wrapper.framework; name = CoreGraphics.framework; path = System/Library/Frameworks/CoreGraphics.framework; sourceTree = SDKROOT; };
		1394A85118E887F200D69F9F /* UIKit.framework */ = {isa = PBXFileReference; lastKnownFileType = wrapper.framework; name = UIKit.framework; path = System/Library/Frameworks/UIKit.framework; sourceTree = SDKROOT; };
		1394A85518E887F200D69F9F /* ThriftTest-Info.plist */ = {isa = PBXFileReference; lastKnownFileType = text.plist.xml; path = "ThriftTest-Info.plist"; sourceTree = "<group>"; };
		1394A85718E887F200D69F9F /* en */ = {isa = PBXFileReference; lastKnownFileType = text.plist.strings; name = en; path = en.lproj/InfoPlist.strings; sourceTree = "<group>"; };
		1394A85918E887F200D69F9F /* main.m */ = {isa = PBXFileReference; lastKnownFileType = sourcecode.c.objc; path = main.m; sourceTree = "<group>"; };
		1394A85B18E887F200D69F9F /* ThriftTest-Prefix.pch */ = {isa = PBXFileReference; lastKnownFileType = sourcecode.c.h; path = "ThriftTest-Prefix.pch"; sourceTree = "<group>"; };
		1394A85C18E887F200D69F9F /* AppDelegate.h */ = {isa = PBXFileReference; lastKnownFileType = sourcecode.c.h; path = AppDelegate.h; sourceTree = "<group>"; };
		1394A85D18E887F200D69F9F /* AppDelegate.m */ = {isa = PBXFileReference; lastKnownFileType = sourcecode.c.objc; path = AppDelegate.m; sourceTree = "<group>"; };
		1394A86018E887F200D69F9F /* Base */ = {isa = PBXFileReference; lastKnownFileType = file.storyboard; name = Base; path = Base.lproj/Main_iPhone.storyboard; sourceTree = "<group>"; };
		1394A86318E887F200D69F9F /* Base */ = {isa = PBXFileReference; lastKnownFileType = file.storyboard; name = Base; path = Base.lproj/Main_iPad.storyboard; sourceTree = "<group>"; };
		1394A86518E887F200D69F9F /* MainViewController.h */ = {isa = PBXFileReference; lastKnownFileType = sourcecode.c.h; path = MainViewController.h; sourceTree = "<group>"; };
		1394A86618E887F200D69F9F /* MainViewController.m */ = {isa = PBXFileReference; lastKnownFileType = sourcecode.c.objc; path = MainViewController.m; sourceTree = "<group>"; };
		1394A86818E887F200D69F9F /* FlipsideViewController.h */ = {isa = PBXFileReference; lastKnownFileType = sourcecode.c.h; path = FlipsideViewController.h; sourceTree = "<group>"; };
		1394A86918E887F200D69F9F /* FlipsideViewController.m */ = {isa = PBXFileReference; lastKnownFileType = sourcecode.c.objc; path = FlipsideViewController.m; sourceTree = "<group>"; };
		1394A86B18E887F200D69F9F /* Images.xcassets */ = {isa = PBXFileReference; lastKnownFileType = folder.assetcatalog; path = Images.xcassets; sourceTree = "<group>"; };
		1394A87118E887F200D69F9F /* ThriftTestTests.xctest */ = {isa = PBXFileReference; explicitFileType = wrapper.cfbundle; includeInIndex = 0; path = ThriftTestTests.xctest; sourceTree = BUILT_PRODUCTS_DIR; };
		1394A87218E887F200D69F9F /* XCTest.framework */ = {isa = PBXFileReference; lastKnownFileType = wrapper.framework; name = XCTest.framework; path = Library/Frameworks/XCTest.framework; sourceTree = DEVELOPER_DIR; };
		1394A87A18E887F200D69F9F /* ThriftTestTests-Info.plist */ = {isa = PBXFileReference; lastKnownFileType = text.plist.xml; path = "ThriftTestTests-Info.plist"; sourceTree = "<group>"; };
		1394A87C18E887F200D69F9F /* en */ = {isa = PBXFileReference; lastKnownFileType = text.plist.strings; name = en; path = en.lproj/InfoPlist.strings; sourceTree = "<group>"; };
		1394A87E18E887F200D69F9F /* ThriftTestTests.m */ = {isa = PBXFileReference; lastKnownFileType = sourcecode.c.objc; path = ThriftTestTests.m; sourceTree = "<group>"; };
		5877303E88834676A0C7FBA1 /* Pods.xcconfig */ = {isa = PBXFileReference; includeInIndex = 1; lastKnownFileType = text.xcconfig; name = Pods.xcconfig; path = Pods/Pods.xcconfig; sourceTree = "<group>"; };
		B2C6E631FA104B958CA25CF3 /* libPods.a */ = {isa = PBXFileReference; explicitFileType = archive.ar; includeInIndex = 0; path = libPods.a; sourceTree = BUILT_PRODUCTS_DIR; };
/* End PBXFileReference section */

/* Begin PBXFrameworksBuildPhase section */
		1394A84718E887F200D69F9F /* Frameworks */ = {
			isa = PBXFrameworksBuildPhase;
			buildActionMask = 2147483647;
			files = (
				1394A85018E887F200D69F9F /* CoreGraphics.framework in Frameworks */,
				1394A85218E887F200D69F9F /* UIKit.framework in Frameworks */,
				1394A84E18E887F200D69F9F /* Foundation.framework in Frameworks */,
				1CE82ED39AC44537A81D21E6 /* libPods.a in Frameworks */,
			);
			runOnlyForDeploymentPostprocessing = 0;
		};
		1394A86E18E887F200D69F9F /* Frameworks */ = {
			isa = PBXFrameworksBuildPhase;
			buildActionMask = 2147483647;
			files = (
				1394A87318E887F200D69F9F /* XCTest.framework in Frameworks */,
				1394A87518E887F200D69F9F /* UIKit.framework in Frameworks */,
				1394A87418E887F200D69F9F /* Foundation.framework in Frameworks */,
			);
			runOnlyForDeploymentPostprocessing = 0;
		};
/* End PBXFrameworksBuildPhase section */

/* Begin PBXGroup section */
		134FA2A918E889EE00661172 /* thrift */ = {
			isa = PBXGroup;
			children = (
				134FA2DE18E88A2F00661172 /* test.h */,
				134FA2DF18E88A2F00661172 /* test.m */,
				134FA2AA18E889EE00661172 /* protocol */,
				134FA2B418E889EE00661172 /* server */,
				134FA2B718E889EE00661172 /* TApplicationException.h */,
				134FA2B818E889EE00661172 /* TApplicationException.m */,
				134FA2B918E889EE00661172 /* TException.h */,
				134FA2BA18E889EE00661172 /* TException.m */,
				134FA2BB18E889EE00661172 /* TObjective-C.h */,
				134FA2BC18E889EE00661172 /* TProcessor.h */,
				134FA2BD18E889EE00661172 /* TProcessorFactory.h */,
				134FA2BE18E889EE00661172 /* transport */,
				134FA2CE18E889EE00661172 /* TSharedProcessorFactory.h */,
				134FA2CF18E889EE00661172 /* TSharedProcessorFactory.m */,
			);
			name = thrift;
			path = src;
			sourceTree = "<group>";
		};
		134FA2AA18E889EE00661172 /* protocol */ = {
			isa = PBXGroup;
			children = (
				134FA2AB18E889EE00661172 /* TBase.h */,
				134FA2AC18E889EE00661172 /* TBinaryProtocol.h */,
				134FA2AD18E889EE00661172 /* TBinaryProtocol.m */,
				134FA2AE18E889EE00661172 /* TProtocol.h */,
				134FA2AF18E889EE00661172 /* TProtocolException.h */,
				134FA2B018E889EE00661172 /* TProtocolException.m */,
				134FA2B118E889EE00661172 /* TProtocolFactory.h */,
				134FA2B218E889EE00661172 /* TProtocolUtil.h */,
				134FA2B318E889EE00661172 /* TProtocolUtil.m */,
			);
			path = protocol;
			sourceTree = "<group>";
		};
		134FA2B418E889EE00661172 /* server */ = {
			isa = PBXGroup;
			children = (
				134FA2B518E889EE00661172 /* TSocketServer.h */,
				134FA2B618E889EE00661172 /* TSocketServer.m */,
			);
			path = server;
			sourceTree = "<group>";
		};
		134FA2BE18E889EE00661172 /* transport */ = {
			isa = PBXGroup;
			children = (
				134FA2BF18E889EE00661172 /* TFramedTransport.h */,
				134FA2C018E889EE00661172 /* TFramedTransport.m */,
				134FA2C118E889EE00661172 /* THTTPClient.h */,
				134FA2C218E889EE00661172 /* THTTPClient.m */,
				134FA2C318E889EE00661172 /* TMemoryBuffer.h */,
				134FA2C418E889EE00661172 /* TMemoryBuffer.m */,
				134FA2C518E889EE00661172 /* TNSFileHandleTransport.h */,
				134FA2C618E889EE00661172 /* TNSFileHandleTransport.m */,
				134FA2C718E889EE00661172 /* TNSStreamTransport.h */,
				134FA2C818E889EE00661172 /* TNSStreamTransport.m */,
				134FA2C918E889EE00661172 /* TSocketClient.h */,
				134FA2CA18E889EE00661172 /* TSocketClient.m */,
				134FA2CB18E889EE00661172 /* TTransport.h */,
				134FA2CC18E889EE00661172 /* TTransportException.h */,
				134FA2CD18E889EE00661172 /* TTransportException.m */,
			);
			path = transport;
			sourceTree = "<group>";
		};
		1394A84118E887F200D69F9F = {
			isa = PBXGroup;
			children = (
				1394A85318E887F200D69F9F /* ThriftTest */,
				1394A87818E887F200D69F9F /* ThriftTestTests */,
				1394A84C18E887F200D69F9F /* Frameworks */,
				1394A84B18E887F200D69F9F /* Products */,
				5877303E88834676A0C7FBA1 /* Pods.xcconfig */,
			);
			sourceTree = "<group>";
		};
		1394A84B18E887F200D69F9F /* Products */ = {
			isa = PBXGroup;
			children = (
				1394A84A18E887F200D69F9F /* ThriftTest.app */,
				1394A87118E887F200D69F9F /* ThriftTestTests.xctest */,
			);
			name = Products;
			sourceTree = "<group>";
		};
		1394A84C18E887F200D69F9F /* Frameworks */ = {
			isa = PBXGroup;
			children = (
				1394A84D18E887F200D69F9F /* Foundation.framework */,
				1394A84F18E887F200D69F9F /* CoreGraphics.framework */,
				1394A85118E887F200D69F9F /* UIKit.framework */,
				1394A87218E887F200D69F9F /* XCTest.framework */,
				B2C6E631FA104B958CA25CF3 /* libPods.a */,
			);
			name = Frameworks;
			sourceTree = "<group>";
		};
		1394A85318E887F200D69F9F /* ThriftTest */ = {
			isa = PBXGroup;
			children = (
				134FA2A918E889EE00661172 /* thrift */,
				1394A85C18E887F200D69F9F /* AppDelegate.h */,
				1394A85D18E887F200D69F9F /* AppDelegate.m */,
				1394A85F18E887F200D69F9F /* Main_iPhone.storyboard */,
				1394A86218E887F200D69F9F /* Main_iPad.storyboard */,
				1394A86518E887F200D69F9F /* MainViewController.h */,
				1394A86618E887F200D69F9F /* MainViewController.m */,
				1394A86818E887F200D69F9F /* FlipsideViewController.h */,
				1394A86918E887F200D69F9F /* FlipsideViewController.m */,
				1394A86B18E887F200D69F9F /* Images.xcassets */,
				1394A85418E887F200D69F9F /* Supporting Files */,
				134FA2A618E8891400661172 /* ServiceFactory.h */,
				134FA2A718E8891400661172 /* ServiceFactory.m */,
			);
			path = ThriftTest;
			sourceTree = "<group>";
		};
		1394A85418E887F200D69F9F /* Supporting Files */ = {
			isa = PBXGroup;
			children = (
				1394A85518E887F200D69F9F /* ThriftTest-Info.plist */,
				1394A85618E887F200D69F9F /* InfoPlist.strings */,
				1394A85918E887F200D69F9F /* main.m */,
				1394A85B18E887F200D69F9F /* ThriftTest-Prefix.pch */,
			);
			name = "Supporting Files";
			sourceTree = "<group>";
		};
		1394A87818E887F200D69F9F /* ThriftTestTests */ = {
			isa = PBXGroup;
			children = (
				1394A87E18E887F200D69F9F /* ThriftTestTests.m */,
				1394A87918E887F200D69F9F /* Supporting Files */,
			);
			path = ThriftTestTests;
			sourceTree = "<group>";
		};
		1394A87918E887F200D69F9F /* Supporting Files */ = {
			isa = PBXGroup;
			children = (
				1394A87A18E887F200D69F9F /* ThriftTestTests-Info.plist */,
				1394A87B18E887F200D69F9F /* InfoPlist.strings */,
			);
			name = "Supporting Files";
			sourceTree = "<group>";
		};
/* End PBXGroup section */

/* Begin PBXNativeTarget section */
		1394A84918E887F200D69F9F /* ThriftTest */ = {
			isa = PBXNativeTarget;
			buildConfigurationList = 1394A88218E887F200D69F9F /* Build configuration list for PBXNativeTarget "ThriftTest" */;
			buildPhases = (
				C68BCFE093304DB0906FB70A /* Check Pods Manifest.lock */,
				1394A84618E887F200D69F9F /* Sources */,
				1394A84718E887F200D69F9F /* Frameworks */,
				1394A84818E887F200D69F9F /* Resources */,
				D0691C3213BA44429159E24A /* Copy Pods Resources */,
			);
			buildRules = (
			);
			dependencies = (
			);
			name = ThriftTest;
			productName = ThriftTest;
			productReference = 1394A84A18E887F200D69F9F /* ThriftTest.app */;
			productType = "com.apple.product-type.application";
		};
		1394A87018E887F200D69F9F /* ThriftTestTests */ = {
			isa = PBXNativeTarget;
			buildConfigurationList = 1394A88518E887F200D69F9F /* Build configuration list for PBXNativeTarget "ThriftTestTests" */;
			buildPhases = (
				1394A86D18E887F200D69F9F /* Sources */,
				1394A86E18E887F200D69F9F /* Frameworks */,
				1394A86F18E887F200D69F9F /* Resources */,
			);
			buildRules = (
			);
			dependencies = (
				1394A87718E887F200D69F9F /* PBXTargetDependency */,
			);
			name = ThriftTestTests;
			productName = ThriftTestTests;
			productReference = 1394A87118E887F200D69F9F /* ThriftTestTests.xctest */;
			productType = "com.apple.product-type.bundle.unit-test";
		};
/* End PBXNativeTarget section */

/* Begin PBXProject section */
		1394A84218E887F200D69F9F /* Project object */ = {
			isa = PBXProject;
			attributes = {
				LastUpgradeCheck = 0510;
				ORGANIZATIONNAME = "Charles Lavery";
				TargetAttributes = {
					1394A87018E887F200D69F9F = {
						TestTargetID = 1394A84918E887F200D69F9F;
					};
				};
			};
			buildConfigurationList = 1394A84518E887F200D69F9F /* Build configuration list for PBXProject "ThriftTest" */;
			compatibilityVersion = "Xcode 3.2";
			developmentRegion = English;
			hasScannedForEncodings = 0;
			knownRegions = (
				en,
				Base,
			);
			mainGroup = 1394A84118E887F200D69F9F;
			productRefGroup = 1394A84B18E887F200D69F9F /* Products */;
			projectDirPath = "";
			projectRoot = "";
			targets = (
				1394A84918E887F200D69F9F /* ThriftTest */,
				1394A87018E887F200D69F9F /* ThriftTestTests */,
			);
		};
/* End PBXProject section */

/* Begin PBXResourcesBuildPhase section */
		1394A84818E887F200D69F9F /* Resources */ = {
			isa = PBXResourcesBuildPhase;
			buildActionMask = 2147483647;
			files = (
				1394A86418E887F200D69F9F /* Main_iPad.storyboard in Resources */,
				1394A86C18E887F200D69F9F /* Images.xcassets in Resources */,
				1394A86118E887F200D69F9F /* Main_iPhone.storyboard in Resources */,
				1394A85818E887F200D69F9F /* InfoPlist.strings in Resources */,
			);
			runOnlyForDeploymentPostprocessing = 0;
		};
		1394A86F18E887F200D69F9F /* Resources */ = {
			isa = PBXResourcesBuildPhase;
			buildActionMask = 2147483647;
			files = (
				1394A87D18E887F200D69F9F /* InfoPlist.strings in Resources */,
			);
			runOnlyForDeploymentPostprocessing = 0;
		};
/* End PBXResourcesBuildPhase section */

/* Begin PBXShellScriptBuildPhase section */
		C68BCFE093304DB0906FB70A /* Check Pods Manifest.lock */ = {
			isa = PBXShellScriptBuildPhase;
			buildActionMask = 2147483647;
			files = (
			);
			inputPaths = (
			);
			name = "Check Pods Manifest.lock";
			outputPaths = (
			);
			runOnlyForDeploymentPostprocessing = 0;
			shellPath = /bin/sh;
			shellScript = "diff \"${PODS_ROOT}/../Podfile.lock\" \"${PODS_ROOT}/Manifest.lock\" > /dev/null\nif [[ $? != 0 ]] ; then\n    cat << EOM\nerror: The sandbox is not in sync with the Podfile.lock. Run 'pod install' or update your CocoaPods installation.\nEOM\n    exit 1\nfi\n";
			showEnvVarsInLog = 0;
		};
		D0691C3213BA44429159E24A /* Copy Pods Resources */ = {
			isa = PBXShellScriptBuildPhase;
			buildActionMask = 2147483647;
			files = (
			);
			inputPaths = (
			);
			name = "Copy Pods Resources";
			outputPaths = (
			);
			runOnlyForDeploymentPostprocessing = 0;
			shellPath = /bin/sh;
			shellScript = "\"${SRCROOT}/Pods/Pods-resources.sh\"\n";
			showEnvVarsInLog = 0;
		};
/* End PBXShellScriptBuildPhase section */

/* Begin PBXSourcesBuildPhase section */
		1394A84618E887F200D69F9F /* Sources */ = {
			isa = PBXSourcesBuildPhase;
			buildActionMask = 2147483647;
			files = (
				134FA2DB18E889EE00661172 /* TSocketClient.m in Sources */,
				134FA2D918E889EE00661172 /* TNSFileHandleTransport.m in Sources */,
				1394A85E18E887F200D69F9F /* AppDelegate.m in Sources */,
				134FA2D618E889EE00661172 /* TFramedTransport.m in Sources */,
				1394A86718E887F200D69F9F /* MainViewController.m in Sources */,
				134FA2E018E88A2F00661172 /* test.m in Sources */,
				1394A86A18E887F200D69F9F /* FlipsideViewController.m in Sources */,
				134FA2D418E889EE00661172 /* TApplicationException.m in Sources */,
				134FA2D118E889EE00661172 /* TProtocolException.m in Sources */,
				1394A85A18E887F200D69F9F /* main.m in Sources */,
				134FA2D318E889EE00661172 /* TSocketServer.m in Sources */,
				134FA2D518E889EE00661172 /* TException.m in Sources */,
				134FA2D718E889EE00661172 /* THTTPClient.m in Sources */,
				134FA2DD18E889EE00661172 /* TSharedProcessorFactory.m in Sources */,
				134FA2A818E8891400661172 /* ServiceFactory.m in Sources */,
				134FA2D818E889EE00661172 /* TMemoryBuffer.m in Sources */,
				134FA2DC18E889EE00661172 /* TTransportException.m in Sources */,
				134FA2DA18E889EE00661172 /* TNSStreamTransport.m in Sources */,
				134FA2D218E889EE00661172 /* TProtocolUtil.m in Sources */,
				134FA2D018E889EE00661172 /* TBinaryProtocol.m in Sources */,
			);
			runOnlyForDeploymentPostprocessing = 0;
		};
		1394A86D18E887F200D69F9F /* Sources */ = {
			isa = PBXSourcesBuildPhase;
			buildActionMask = 2147483647;
			files = (
				1394A87F18E887F200D69F9F /* ThriftTestTests.m in Sources */,
			);
			runOnlyForDeploymentPostprocessing = 0;
		};
/* End PBXSourcesBuildPhase section */

/* Begin PBXTargetDependency section */
		1394A87718E887F200D69F9F /* PBXTargetDependency */ = {
			isa = PBXTargetDependency;
			target = 1394A84918E887F200D69F9F /* ThriftTest */;
			targetProxy = 1394A87618E887F200D69F9F /* PBXContainerItemProxy */;
		};
/* End PBXTargetDependency section */

/* Begin PBXVariantGroup section */
		1394A85618E887F200D69F9F /* InfoPlist.strings */ = {
			isa = PBXVariantGroup;
			children = (
				1394A85718E887F200D69F9F /* en */,
			);
			name = InfoPlist.strings;
			sourceTree = "<group>";
		};
		1394A85F18E887F200D69F9F /* Main_iPhone.storyboard */ = {
			isa = PBXVariantGroup;
			children = (
				1394A86018E887F200D69F9F /* Base */,
			);
			name = Main_iPhone.storyboard;
			sourceTree = "<group>";
		};
		1394A86218E887F200D69F9F /* Main_iPad.storyboard */ = {
			isa = PBXVariantGroup;
			children = (
				1394A86318E887F200D69F9F /* Base */,
			);
			name = Main_iPad.storyboard;
			sourceTree = "<group>";
		};
		1394A87B18E887F200D69F9F /* InfoPlist.strings */ = {
			isa = PBXVariantGroup;
			children = (
				1394A87C18E887F200D69F9F /* en */,
			);
			name = InfoPlist.strings;
			sourceTree = "<group>";
		};
/* End PBXVariantGroup section */

/* Begin XCBuildConfiguration section */
		1394A88018E887F200D69F9F /* Debug */ = {
			isa = XCBuildConfiguration;
			buildSettings = {
				ALWAYS_SEARCH_USER_PATHS = NO;
				CLANG_CXX_LANGUAGE_STANDARD = "gnu++0x";
				CLANG_CXX_LIBRARY = "libc++";
				CLANG_ENABLE_MODULES = YES;
				CLANG_ENABLE_OBJC_ARC = YES;
				CLANG_WARN_BOOL_CONVERSION = YES;
				CLANG_WARN_CONSTANT_CONVERSION = YES;
				CLANG_WARN_DIRECT_OBJC_ISA_USAGE = YES_ERROR;
				CLANG_WARN_EMPTY_BODY = YES;
				CLANG_WARN_ENUM_CONVERSION = YES;
				CLANG_WARN_INT_CONVERSION = YES;
				CLANG_WARN_OBJC_ROOT_CLASS = YES_ERROR;
				CLANG_WARN__DUPLICATE_METHOD_MATCH = YES;
				"CODE_SIGN_IDENTITY[sdk=iphoneos*]" = "iPhone Developer";
				COPY_PHASE_STRIP = NO;
				GCC_C_LANGUAGE_STANDARD = gnu99;
				GCC_DYNAMIC_NO_PIC = NO;
				GCC_OPTIMIZATION_LEVEL = 0;
				GCC_PREPROCESSOR_DEFINITIONS = (
					"DEBUG=1",
					"$(inherited)",
				);
				GCC_SYMBOLS_PRIVATE_EXTERN = NO;
				GCC_WARN_64_TO_32_BIT_CONVERSION = YES;
				GCC_WARN_ABOUT_RETURN_TYPE = YES_ERROR;
				GCC_WARN_UNDECLARED_SELECTOR = YES;
				GCC_WARN_UNINITIALIZED_AUTOS = YES_AGGRESSIVE;
				GCC_WARN_UNUSED_FUNCTION = YES;
				GCC_WARN_UNUSED_VARIABLE = YES;
				IPHONEOS_DEPLOYMENT_TARGET = 7.1;
				ONLY_ACTIVE_ARCH = YES;
				SDKROOT = iphoneos;
				TARGETED_DEVICE_FAMILY = "1,2";
			};
			name = Debug;
		};
		1394A88118E887F200D69F9F /* Release */ = {
			isa = XCBuildConfiguration;
			buildSettings = {
				ALWAYS_SEARCH_USER_PATHS = NO;
				CLANG_CXX_LANGUAGE_STANDARD = "gnu++0x";
				CLANG_CXX_LIBRARY = "libc++";
				CLANG_ENABLE_MODULES = YES;
				CLANG_ENABLE_OBJC_ARC = YES;
				CLANG_WARN_BOOL_CONVERSION = YES;
				CLANG_WARN_CONSTANT_CONVERSION = YES;
				CLANG_WARN_DIRECT_OBJC_ISA_USAGE = YES_ERROR;
				CLANG_WARN_EMPTY_BODY = YES;
				CLANG_WARN_ENUM_CONVERSION = YES;
				CLANG_WARN_INT_CONVERSION = YES;
				CLANG_WARN_OBJC_ROOT_CLASS = YES_ERROR;
				CLANG_WARN__DUPLICATE_METHOD_MATCH = YES;
				"CODE_SIGN_IDENTITY[sdk=iphoneos*]" = "iPhone Developer";
				COPY_PHASE_STRIP = YES;
				ENABLE_NS_ASSERTIONS = NO;
				GCC_C_LANGUAGE_STANDARD = gnu99;
				GCC_WARN_64_TO_32_BIT_CONVERSION = YES;
				GCC_WARN_ABOUT_RETURN_TYPE = YES_ERROR;
				GCC_WARN_UNDECLARED_SELECTOR = YES;
				GCC_WARN_UNINITIALIZED_AUTOS = YES_AGGRESSIVE;
				GCC_WARN_UNUSED_FUNCTION = YES;
				GCC_WARN_UNUSED_VARIABLE = YES;
				IPHONEOS_DEPLOYMENT_TARGET = 7.1;
				SDKROOT = iphoneos;
				TARGETED_DEVICE_FAMILY = "1,2";
				VALIDATE_PRODUCT = YES;
			};
			name = Release;
		};
		1394A88318E887F200D69F9F /* Debug */ = {
			isa = XCBuildConfiguration;
			baseConfigurationReference = 5877303E88834676A0C7FBA1 /* Pods.xcconfig */;
			buildSettings = {
				ASSETCATALOG_COMPILER_APPICON_NAME = AppIcon;
				ASSETCATALOG_COMPILER_LAUNCHIMAGE_NAME = LaunchImage;
				GCC_PRECOMPILE_PREFIX_HEADER = YES;
				GCC_PREFIX_HEADER = "ThriftTest/ThriftTest-Prefix.pch";
				INFOPLIST_FILE = "ThriftTest/ThriftTest-Info.plist";
				PRODUCT_NAME = "$(TARGET_NAME)";
				WRAPPER_EXTENSION = app;
			};
			name = Debug;
		};
		1394A88418E887F200D69F9F /* Release */ = {
			isa = XCBuildConfiguration;
			baseConfigurationReference = 5877303E88834676A0C7FBA1 /* Pods.xcconfig */;
			buildSettings = {
				ASSETCATALOG_COMPILER_APPICON_NAME = AppIcon;
				ASSETCATALOG_COMPILER_LAUNCHIMAGE_NAME = LaunchImage;
				GCC_PRECOMPILE_PREFIX_HEADER = YES;
				GCC_PREFIX_HEADER = "ThriftTest/ThriftTest-Prefix.pch";
				INFOPLIST_FILE = "ThriftTest/ThriftTest-Info.plist";
				PRODUCT_NAME = "$(TARGET_NAME)";
				WRAPPER_EXTENSION = app;
			};
			name = Release;
		};
		1394A88618E887F200D69F9F /* Debug */ = {
			isa = XCBuildConfiguration;
			buildSettings = {
				BUNDLE_LOADER = "$(BUILT_PRODUCTS_DIR)/ThriftTest.app/ThriftTest";
				FRAMEWORK_SEARCH_PATHS = (
					"$(SDKROOT)/Developer/Library/Frameworks",
					"$(inherited)",
					"$(DEVELOPER_FRAMEWORKS_DIR)",
				);
				GCC_PRECOMPILE_PREFIX_HEADER = YES;
				GCC_PREFIX_HEADER = "ThriftTest/ThriftTest-Prefix.pch";
				GCC_PREPROCESSOR_DEFINITIONS = (
					"DEBUG=1",
					"$(inherited)",
				);
				INFOPLIST_FILE = "ThriftTestTests/ThriftTestTests-Info.plist";
				PRODUCT_NAME = "$(TARGET_NAME)";
				TEST_HOST = "$(BUNDLE_LOADER)";
				WRAPPER_EXTENSION = xctest;
			};
			name = Debug;
		};
		1394A88718E887F200D69F9F /* Release */ = {
			isa = XCBuildConfiguration;
			buildSettings = {
				BUNDLE_LOADER = "$(BUILT_PRODUCTS_DIR)/ThriftTest.app/ThriftTest";
				FRAMEWORK_SEARCH_PATHS = (
					"$(SDKROOT)/Developer/Library/Frameworks",
					"$(inherited)",
					"$(DEVELOPER_FRAMEWORKS_DIR)",
				);
				GCC_PRECOMPILE_PREFIX_HEADER = YES;
				GCC_PREFIX_HEADER = "ThriftTest/ThriftTest-Prefix.pch";
				INFOPLIST_FILE = "ThriftTestTests/ThriftTestTests-Info.plist";
				PRODUCT_NAME = "$(TARGET_NAME)";
				TEST_HOST = "$(BUNDLE_LOADER)";
				WRAPPER_EXTENSION = xctest;
			};
			name = Release;
		};
/* End XCBuildConfiguration section */

/* Begin XCConfigurationList section */
		1394A84518E887F200D69F9F /* Build configuration list for PBXProject "ThriftTest" */ = {
			isa = XCConfigurationList;
			buildConfigurations = (
				1394A88018E887F200D69F9F /* Debug */,
				1394A88118E887F200D69F9F /* Release */,
			);
			defaultConfigurationIsVisible = 0;
			defaultConfigurationName = Release;
		};
		1394A88218E887F200D69F9F /* Build configuration list for PBXNativeTarget "ThriftTest" */ = {
			isa = XCConfigurationList;
			buildConfigurations = (
				1394A88318E887F200D69F9F /* Debug */,
				1394A88418E887F200D69F9F /* Release */,
			);
			defaultConfigurationIsVisible = 0;
			defaultConfigurationName = Release;
		};
		1394A88518E887F200D69F9F /* Build configuration list for PBXNativeTarget "ThriftTestTests" */ = {
			isa = XCConfigurationList;
			buildConfigurations = (
				1394A88618E887F200D69F9F /* Debug */,
				1394A88718E887F200D69F9F /* Release */,
			);
			defaultConfigurationIsVisible = 0;
			defaultConfigurationName = Release;
		};
/* End XCConfigurationList section */
	};
	rootObject = 1394A84218E887F200D69F9F /* Project object */;
}
